
Microsoft Visual Studio Solution File, Format Version 12.00
# Visual Studio 15
VisualStudioVersion = 15.0.28307.539
MinimumVisualStudioVersion = 10.0.40219.1
Project("{FAE04EC0-301F-11D3-BF4B-00C04F79EFBC}") = "Tubular.Web", "Tubular.Web\Tubular.Web.csproj", "{0BE92381-54E9-45B8-B8C3-41DE6BA39CF4}"
	ProjectSection(ProjectDependencies) = postProject
		{4FD797C5-BBB7-4A28-9271-2B7F7DBDAFEA} = {4FD797C5-BBB7-4A28-9271-2B7F7DBDAFEA}
	EndProjectSection
EndProject
Project("{FAE04EC0-301F-11D3-BF4B-00C04F79EFBC}") = "Tubular.Data", "Tubular.Data\Tubular.Data.csproj", "{4FD797C5-BBB7-4A28-9271-2B7F7DBDAFEA}"
EndProject
Global
	GlobalSection(SolutionConfigurationPlatforms) = preSolution
		Debug|Any CPU = Debug|Any CPU
		Release|Any CPU = Release|Any CPU
	EndGlobalSection
	GlobalSection(ProjectConfigurationPlatforms) = postSolution
		{0BE92381-54E9-45B8-B8C3-41DE6BA39CF4}.Debug|Any CPU.ActiveCfg = Debug|Any CPU
		{0BE92381-54E9-45B8-B8C3-41DE6BA39CF4}.Debug|Any CPU.Build.0 = Debug|Any CPU
		{0BE92381-54E9-45B8-B8C3-41DE6BA39CF4}.Release|Any CPU.ActiveCfg = Release|Any CPU
		{0BE92381-54E9-45B8-B8C3-41DE6BA39CF4}.Release|Any CPU.Build.0 = Release|Any CPU
		{4FD797C5-BBB7-4A28-9271-2B7F7DBDAFEA}.Debug|Any CPU.ActiveCfg = Debug|Any CPU
		{4FD797C5-BBB7-4A28-9271-2B7F7DBDAFEA}.Debug|Any CPU.Build.0 = Debug|Any CPU
		{4FD797C5-BBB7-4A28-9271-2B7F7DBDAFEA}.Release|Any CPU.ActiveCfg = Release|Any CPU
		{4FD797C5-BBB7-4A28-9271-2B7F7DBDAFEA}.Release|Any CPU.Build.0 = Release|Any CPU
	EndGlobalSection
	GlobalSection(SolutionProperties) = preSolution
		HideSolutionNode = FALSE
	EndGlobalSection
	GlobalSection(ExtensibilityGlobals) = postSolution
		SolutionGuid = {329D8798-24E1-4E87-ABE7-67F51EE5F55E}
	EndGlobalSection
EndGlobal
